
Microsoft Visual Studio Solution File, Format Version 12.00
# Visual Studio 15
Project("{FAE04EC0-301F-11D3-BF4B-00C04F79EFBC}") = "pickerList.Android", "pickerList.Android\pickerList.Android.csproj", "{6A92EC03-3963-456A-8DF3-BD2EF05F3917}"
EndProject
Project("{FAE04EC0-301F-11D3-BF4B-00C04F79EFBC}") = "pickerList.iOS", "pickerList.iOS\pickerList.iOS.csproj", "{C53B70BC-4355-4C8F-96B9-C8CF917D484C}"
EndProject
Project("{FAE04EC0-301F-11D3-BF4B-00C04F79EFBC}") = "pickerList", "pickerList\pickerList.csproj", "{8D2A9D21-82A1-4175-8587-89973840BF75}"
EndProject
Global
	GlobalSection(SolutionConfigurationPlatforms) = preSolution
		Debug|Any CPU = Debug|Any CPU
		Release|Any CPU = Release|Any CPU
		Debug|iPhoneSimulator = Debug|iPhoneSimulator
		Release|iPhoneSimulator = Release|iPhoneSimulator
		Debug|iPhone = Debug|iPhone
		Release|iPhone = Release|iPhone
	EndGlobalSection
	GlobalSection(ProjectConfigurationPlatforms) = postSolution
		{6A92EC03-3963-456A-8DF3-BD2EF05F3917}.Debug|Any CPU.ActiveCfg = Debug|Any CPU
		{6A92EC03-3963-456A-8DF3-BD2EF05F3917}.Debug|Any CPU.Build.0 = Debug|Any CPU
		{6A92EC03-3963-456A-8DF3-BD2EF05F3917}.Release|Any CPU.ActiveCfg = Release|Any CPU
		{6A92EC03-3963-456A-8DF3-BD2EF05F3917}.Release|Any CPU.Build.0 = Release|Any CPU
		{6A92EC03-3963-456A-8DF3-BD2EF05F3917}.Debug|iPhoneSimulator.ActiveCfg = Debug|Any CPU
		{6A92EC03-3963-456A-8DF3-BD2EF05F3917}.Debug|iPhoneSimulator.Build.0 = Debug|Any CPU
		{6A92EC03-3963-456A-8DF3-BD2EF05F3917}.Release|iPhoneSimulator.ActiveCfg = Release|Any CPU
		{6A92EC03-3963-456A-8DF3-BD2EF05F3917}.Release|iPhoneSimulator.Build.0 = Release|Any CPU
		{6A92EC03-3963-456A-8DF3-BD2EF05F3917}.Debug|iPhone.ActiveCfg = Debug|Any CPU
		{6A92EC03-3963-456A-8DF3-BD2EF05F3917}.Debug|iPhone.Build.0 = Debug|Any CPU
		{6A92EC03-3963-456A-8DF3-BD2EF05F3917}.Release|iPhone.ActiveCfg = Release|Any CPU
		{6A92EC03-3963-456A-8DF3-BD2EF05F3917}.Release|iPhone.Build.0 = Release|Any CPU
		{C53B70BC-4355-4C8F-96B9-C8CF917D484C}.Debug|Any CPU.ActiveCfg = Debug|iPhoneSimulator
		{C53B70BC-4355-4C8F-96B9-C8CF917D484C}.Debug|Any CPU.Build.0 = Debug|iPhoneSimulator
		{C53B70BC-4355-4C8F-96B9-C8CF917D484C}.Release|Any CPU.ActiveCfg = Release|iPhoneSimulator
		{C53B70BC-4355-4C8F-96B9-C8CF917D484C}.Release|Any CPU.Build.0 = Release|iPhoneSimulator
		{C53B70BC-4355-4C8F-96B9-C8CF917D484C}.Debug|iPhoneSimulator.ActiveCfg = Debug|iPhoneSimulator
		{C53B70BC-4355-4C8F-96B9-C8CF917D484C}.Debug|iPhoneSimulator.Build.0 = Debug|iPhoneSimulator
		{C53B70BC-4355-4C8F-96B9-C8CF917D484C}.Release|iPhoneSimulator.ActiveCfg = Release|iPhoneSimulator
		{C53B70BC-4355-4C8F-96B9-C8CF917D484C}.Release|iPhoneSimulator.Build.0 = Release|iPhoneSimulator
		{C53B70BC-4355-4C8F-96B9-C8CF917D484C}.Debug|iPhone.ActiveCfg = Debug|iPhone
		{C53B70BC-4355-4C8F-96B9-C8CF917D484C}.Debug|iPhone.Build.0 = Debug|iPhone
		{C53B70BC-4355-4C8F-96B9-C8CF917D484C}.Release|iPhone.ActiveCfg = Release|iPhone
		{C53B70BC-4355-4C8F-96B9-C8CF917D484C}.Release|iPhone.Build.0 = Release|iPhone
		{8D2A9D21-82A1-4175-8587-89973840BF75}.Debug|Any CPU.ActiveCfg = Debug|Any CPU
		{8D2A9D21-82A1-4175-8587-89973840BF75}.Debug|Any CPU.Build.0 = Debug|Any CPU
		{8D2A9D21-82A1-4175-8587-89973840BF75}.Release|Any CPU.ActiveCfg = Release|Any CPU
		{8D2A9D21-82A1-4175-8587-89973840BF75}.Release|Any CPU.Build.0 = Release|Any CPU
		{8D2A9D21-82A1-4175-8587-89973840BF75}.Debug|iPhoneSimulator.ActiveCfg = Debug|Any CPU
		{8D2A9D21-82A1-4175-8587-89973840BF75}.Debug|iPhoneSimulator.Build.0 = Debug|Any CPU
		{8D2A9D21-82A1-4175-8587-89973840BF75}.Release|iPhoneSimulator.ActiveCfg = Release|Any CPU
		{8D2A9D21-82A1-4175-8587-89973840BF75}.Release|iPhoneSimulator.Build.0 = Release|Any CPU
		{8D2A9D21-82A1-4175-8587-89973840BF75}.Debug|iPhone.ActiveCfg = Debug|Any CPU
		{8D2A9D21-82A1-4175-8587-89973840BF75}.Debug|iPhone.Build.0 = Debug|Any CPU
		{8D2A9D21-82A1-4175-8587-89973840BF75}.Release|iPhone.ActiveCfg = Release|Any CPU
		{8D2A9D21-82A1-4175-8587-89973840BF75}.Release|iPhone.Build.0 = Release|Any CPU
	EndGlobalSection
EndGlobal
